
Microsoft Visual Studio Solution File, Format Version 12.00
# Visual Studio Version 17
VisualStudioVersion = 17.12.35527.113
MinimumVisualStudioVersion = 10.0.40219.1
Project("{FAE04EC0-301F-11D3-BF4B-00C04F79EFBC}") = "Mie.Silk.DirectX", "MieSilk\Mie.Silk.DirectX.csproj", "{24857981-F31D-4977-9DB0-85447E9C220E}"
EndProject
Project("{FAE04EC0-301F-11D3-BF4B-00C04F79EFBC}") = "Mie.Silk.OpenGL", "MieSilk.GL\Mie.Silk.OpenGL.csproj", "{38FB6C25-42DA-4A29-8247-C25BC35B5184}"
EndProject
Project("{FAE04EC0-301F-11D3-BF4B-00C04F79EFBC}") = "WPFTest", "WPFTest\WPFTest.csproj", "{D9F15BEB-E8F2-486B-960A-53BE42401C3B}"
EndProject
Project("{FAE04EC0-301F-11D3-BF4B-00C04F79EFBC}") = "Mie.View", "Mie.View\Mie.View.csproj", "{50621BDB-AA28-4D37-B52F-6792F8019D7C}"
EndProject
Project("{FAE04EC0-301F-11D3-BF4B-00C04F79EFBC}") = "Mie.Silk.Base", "Mie.Silk.Base\Mie.Silk.Base.csproj", "{73FBF699-48B2-4A9C-8859-9E184A8BAD4A}"
EndProject
Global
	GlobalSection(SolutionConfigurationPlatforms) = preSolution
		Debug|Any CPU = Debug|Any CPU
		Release|Any CPU = Release|Any CPU
	EndGlobalSection
	GlobalSection(ProjectConfigurationPlatforms) = postSolution
		{24857981-F31D-4977-9DB0-85447E9C220E}.Debug|Any CPU.ActiveCfg = Debug|Any CPU
		{24857981-F31D-4977-9DB0-85447E9C220E}.Debug|Any CPU.Build.0 = Debug|Any CPU
		{24857981-F31D-4977-9DB0-85447E9C220E}.Release|Any CPU.ActiveCfg = Release|Any CPU
		{24857981-F31D-4977-9DB0-85447E9C220E}.Release|Any CPU.Build.0 = Release|Any CPU
		{38FB6C25-42DA-4A29-8247-C25BC35B5184}.Debug|Any CPU.ActiveCfg = Debug|Any CPU
		{38FB6C25-42DA-4A29-8247-C25BC35B5184}.Debug|Any CPU.Build.0 = Debug|Any CPU
		{38FB6C25-42DA-4A29-8247-C25BC35B5184}.Release|Any CPU.ActiveCfg = Release|Any CPU
		{38FB6C25-42DA-4A29-8247-C25BC35B5184}.Release|Any CPU.Build.0 = Release|Any CPU
		{D9F15BEB-E8F2-486B-960A-53BE42401C3B}.Debug|Any CPU.ActiveCfg = Debug|Any CPU
		{D9F15BEB-E8F2-486B-960A-53BE42401C3B}.Debug|Any CPU.Build.0 = Debug|Any CPU
		{D9F15BEB-E8F2-486B-960A-53BE42401C3B}.Release|Any CPU.ActiveCfg = Release|Any CPU
		{D9F15BEB-E8F2-486B-960A-53BE42401C3B}.Release|Any CPU.Build.0 = Release|Any CPU
		{50621BDB-AA28-4D37-B52F-6792F8019D7C}.Debug|Any CPU.ActiveCfg = Debug|Any CPU
		{50621BDB-AA28-4D37-B52F-6792F8019D7C}.Debug|Any CPU.Build.0 = Debug|Any CPU
		{50621BDB-AA28-4D37-B52F-6792F8019D7C}.Release|Any CPU.ActiveCfg = Release|Any CPU
		{50621BDB-AA28-4D37-B52F-6792F8019D7C}.Release|Any CPU.Build.0 = Release|Any CPU
		{73FBF699-48B2-4A9C-8859-9E184A8BAD4A}.Debug|Any CPU.ActiveCfg = Debug|Any CPU
		{73FBF699-48B2-4A9C-8859-9E184A8BAD4A}.Debug|Any CPU.Build.0 = Debug|Any CPU
		{73FBF699-48B2-4A9C-8859-9E184A8BAD4A}.Release|Any CPU.ActiveCfg = Release|Any CPU
		{73FBF699-48B2-4A9C-8859-9E184A8BAD4A}.Release|Any CPU.Build.0 = Release|Any CPU
	EndGlobalSection
	GlobalSection(SolutionProperties) = preSolution
		HideSolutionNode = FALSE
	EndGlobalSection
EndGlobal
